// !$*UTF8*$!
{
	archiveVersion = 1;
	classes = {
	};
	objectVersion = 46;
	objects = {

/* Begin PBXBuildFile section */
		080B6FAB17DEE3FF00B11002 /* Cocoa.framework in Frameworks */ = {isa = PBXBuildFile; fileRef = 080B6FAA17DEE3FF00B11002 /* Cocoa.framework */; };
		080B6FB717DEE3FF00B11002 /* InfoPlist.strings in Resources */ = {isa = PBXBuildFile; fileRef = 080B6FB517DEE3FF00B11002 /* InfoPlist.strings */; };
		080B6FB917DEE3FF00B11002 /* main.m in Sources */ = {isa = PBXBuildFile; fileRef = 080B6FB817DEE3FF00B11002 /* main.m */; };
		080B6FBD17DEE3FF00B11002 /* Credits.rtf in Resources */ = {isa = PBXBuildFile; fileRef = 080B6FBB17DEE3FF00B11002 /* Credits.rtf */; };
		080B6FBF17DEE3FF00B11002 /* MainMenu.xib in Resources */ = {isa = PBXBuildFile; fileRef = 080B6FBE17DEE3FF00B11002 /* MainMenu.xib */; };
		080B6FC117DEE3FF00B11002 /* MyScene.m in Sources */ = {isa = PBXBuildFile; fileRef = 080B6FC017DEE3FF00B11002 /* MyScene.m */; };
		080B6FC417DEE3FF00B11002 /* AppDelegate.m in Sources */ = {isa = PBXBuildFile; fileRef = 080B6FC317DEE3FF00B11002 /* AppDelegate.m */; };
		080B6FC717DEE3FF00B11002 /* Spaceship.png in Resources */ = {isa = PBXBuildFile; fileRef = 080B6FC617DEE3FF00B11002 /* Spaceship.png */; };
		080B6FC917DEE3FF00B11002 /* Images.xcassets in Resources */ = {isa = PBXBuildFile; fileRef = 080B6FC817DEE3FF00B11002 /* Images.xcassets */; };
		080B6FD017DEE3FF00B11002 /* XCTest.framework in Frameworks */ = {isa = PBXBuildFile; fileRef = 080B6FCF17DEE3FF00B11002 /* XCTest.framework */; };
		080B6FD117DEE3FF00B11002 /* Cocoa.framework in Frameworks */ = {isa = PBXBuildFile; fileRef = 080B6FAA17DEE3FF00B11002 /* Cocoa.framework */; };
		080B6FD917DEE3FF00B11002 /* InfoPlist.strings in Resources */ = {isa = PBXBuildFile; fileRef = 080B6FD717DEE3FF00B11002 /* InfoPlist.strings */; };
		080B6FDB17DEE3FF00B11002 /* KeyJamTests.m in Sources */ = {isa = PBXBuildFile; fileRef = 080B6FDA17DEE3FF00B11002 /* KeyJamTests.m */; };
		080B6FE617E02FA100B11002 /* KJKeyModel.m in Sources */ = {isa = PBXBuildFile; fileRef = 080B6FE517E02FA100B11002 /* KJKeyModel.m */; };
		080B6FE917E0309400B11002 /* KJKeyboardManager.m in Sources */ = {isa = PBXBuildFile; fileRef = 080B6FE817E0309400B11002 /* KJKeyboardManager.m */; };
		089AA8C41810E91D0047E4A2 /* SpriteKit.framework in Frameworks */ = {isa = PBXBuildFile; fileRef = 089AA8C31810E91D0047E4A2 /* SpriteKit.framework */; };
		08A2021E17E6E2E400C50C18 /* AudioToolbox.framework in Frameworks */ = {isa = PBXBuildFile; fileRef = 08A2021B17E6E2E400C50C18 /* AudioToolbox.framework */; };
		08A2021F17E6E2E400C50C18 /* AudioUnit.framework in Frameworks */ = {isa = PBXBuildFile; fileRef = 08A2021C17E6E2E400C50C18 /* AudioUnit.framework */; };
		08A2022017E6E2E400C50C18 /* CoreAudio.framework in Frameworks */ = {isa = PBXBuildFile; fileRef = 08A2021D17E6E2E400C50C18 /* CoreAudio.framework */; };
		08A2022217E6E2F100C50C18 /* CoreMIDI.framework in Frameworks */ = {isa = PBXBuildFile; fileRef = 08A2022117E6E2F100C50C18 /* CoreMIDI.framework */; };
		08E9EB7E181CE7010004B1C0 /* BMAudioUnit.m in Sources */ = {isa = PBXBuildFile; fileRef = 08E9EB45181CE7010004B1C0 /* BMAudioUnit.m */; };
		08E9EB7F181CE7010004B1C0 /* BMDistortionUnit.m in Sources */ = {isa = PBXBuildFile; fileRef = 08E9EB47181CE7010004B1C0 /* BMDistortionUnit.m */; };
		08E9EB80181CE7010004B1C0 /* BMIOUnit.m in Sources */ = {isa = PBXBuildFile; fileRef = 08E9EB49181CE7010004B1C0 /* BMIOUnit.m */; };
		08E9EB81181CE7010004B1C0 /* BMMixerUnit.m in Sources */ = {isa = PBXBuildFile; fileRef = 08E9EB4B181CE7010004B1C0 /* BMMixerUnit.m */; };
		08E9EB82181CE7010004B1C0 /* BMReverbUnit.m in Sources */ = {isa = PBXBuildFile; fileRef = 08E9EB4D181CE7010004B1C0 /* BMReverbUnit.m */; };
		08E9EB83181CE7010004B1C0 /* BMSamplerUnit.m in Sources */ = {isa = PBXBuildFile; fileRef = 08E9EB4F181CE7010004B1C0 /* BMSamplerUnit.m */; };
		08E9EB84181CE7010004B1C0 /* BMAudio.m in Sources */ = {isa = PBXBuildFile; fileRef = 08E9EB51181CE7010004B1C0 /* BMAudio.m */; };
		08E9EB85181CE7010004B1C0 /* BMAudioHelpers.m in Sources */ = {isa = PBXBuildFile; fileRef = 08E9EB53181CE7010004B1C0 /* BMAudioHelpers.m */; };
		08E9EB86181CE7010004B1C0 /* BMAudioTrack.m in Sources */ = {isa = PBXBuildFile; fileRef = 08E9EB55181CE7010004B1C0 /* BMAudioTrack.m */; };
		08E9EB87181CE7010004B1C0 /* BMMidiManager.m in Sources */ = {isa = PBXBuildFile; fileRef = 08E9EB57181CE7010004B1C0 /* BMMidiManager.m */; };
		08E9EB88181CE7010004B1C0 /* BMMusicPlayer.m in Sources */ = {isa = PBXBuildFile; fileRef = 08E9EB59181CE7010004B1C0 /* BMMusicPlayer.m */; };
		08E9EB89181CE7010004B1C0 /* BMNoteEvent.m in Sources */ = {isa = PBXBuildFile; fileRef = 08E9EB5B181CE7010004B1C0 /* BMNoteEvent.m */; };
		08E9EB8B181CE7010004B1C0 /* CarntSleepBassline.mid in Resources */ = {isa = PBXBuildFile; fileRef = 08E9EB5E181CE7010004B1C0 /* CarntSleepBassline.mid */; };
		08E9EB92181CE7010004B1C0 /* Trombone.aupreset in Resources */ = {isa = PBXBuildFile; fileRef = 08E9EB67181CE7010004B1C0 /* Trombone.aupreset */; };
		08E9EBA0181CE8C00004B1C0 /* Sounds in Resources */ = {isa = PBXBuildFile; fileRef = 08E9EB9F181CE8C00004B1C0 /* Sounds */; };
		08E9EBA6181D96570004B1C0 /* KJKeyboardNode.m in Sources */ = {isa = PBXBuildFile; fileRef = 08E9EBA5181D96570004B1C0 /* KJKeyboardNode.m */; };
		08E9EBA8181E1FF90004B1C0 /* beatChart.png in Resources */ = {isa = PBXBuildFile; fileRef = 08E9EBA7181E1FF90004B1C0 /* beatChart.png */; };
		08E9EBAB181F7D000004B1C0 /* KJMusicPlayerManager.m in Sources */ = {isa = PBXBuildFile; fileRef = 08E9EBAA181F7D000004B1C0 /* KJMusicPlayerManager.m */; };
		08E9EBAE181F85E50004B1C0 /* KJScheduledNote.m in Sources */ = {isa = PBXBuildFile; fileRef = 08E9EBAD181F85E50004B1C0 /* KJScheduledNote.m */; };
		08E9EBB1181F8A760004B1C0 /* KJTimelineNode.m in Sources */ = {isa = PBXBuildFile; fileRef = 08E9EBB0181F8A760004B1C0 /* KJTimelineNode.m */; };
/* End PBXBuildFile section */

/* Begin PBXContainerItemProxy section */
		080B6FD217DEE3FF00B11002 /* PBXContainerItemProxy */ = {
			isa = PBXContainerItemProxy;
			containerPortal = 080B6F9F17DEE3FF00B11002 /* Project object */;
			proxyType = 1;
			remoteGlobalIDString = 080B6FA617DEE3FF00B11002;
			remoteInfo = KeyJam;
		};
/* End PBXContainerItemProxy section */

/* Begin PBXFileReference section */
		080B6FA717DEE3FF00B11002 /* KeyJam.app */ = {isa = PBXFileReference; explicitFileType = wrapper.application; includeInIndex = 0; path = KeyJam.app; sourceTree = BUILT_PRODUCTS_DIR; };
		080B6FAA17DEE3FF00B11002 /* Cocoa.framework */ = {isa = PBXFileReference; lastKnownFileType = wrapper.framework; name = Cocoa.framework; path = System/Library/Frameworks/Cocoa.framework; sourceTree = SDKROOT; };
		080B6FAF17DEE3FF00B11002 /* AppKit.framework */ = {isa = PBXFileReference; lastKnownFileType = wrapper.framework; name = AppKit.framework; path = System/Library/Frameworks/AppKit.framework; sourceTree = SDKROOT; };
		080B6FB017DEE3FF00B11002 /* CoreData.framework */ = {isa = PBXFileReference; lastKnownFileType = wrapper.framework; name = CoreData.framework; path = System/Library/Frameworks/CoreData.framework; sourceTree = SDKROOT; };
		080B6FB117DEE3FF00B11002 /* Foundation.framework */ = {isa = PBXFileReference; lastKnownFileType = wrapper.framework; name = Foundation.framework; path = System/Library/Frameworks/Foundation.framework; sourceTree = SDKROOT; };
		080B6FB417DEE3FF00B11002 /* KeyJam-Info.plist */ = {isa = PBXFileReference; lastKnownFileType = text.plist.xml; path = "KeyJam-Info.plist"; sourceTree = "<group>"; };
		080B6FB617DEE3FF00B11002 /* en */ = {isa = PBXFileReference; lastKnownFileType = text.plist.strings; name = en; path = en.lproj/InfoPlist.strings; sourceTree = "<group>"; };
		080B6FB817DEE3FF00B11002 /* main.m */ = {isa = PBXFileReference; lastKnownFileType = sourcecode.c.objc; path = main.m; sourceTree = "<group>"; };
		080B6FBA17DEE3FF00B11002 /* KeyJam-Prefix.pch */ = {isa = PBXFileReference; lastKnownFileType = sourcecode.c.h; path = "KeyJam-Prefix.pch"; sourceTree = "<group>"; };
		080B6FBC17DEE3FF00B11002 /* en */ = {isa = PBXFileReference; lastKnownFileType = text.rtf; name = en; path = en.lproj/Credits.rtf; sourceTree = "<group>"; };
		080B6FBE17DEE3FF00B11002 /* MainMenu.xib */ = {isa = PBXFileReference; lastKnownFileType = file.xib; path = MainMenu.xib; sourceTree = "<group>"; };
		080B6FC017DEE3FF00B11002 /* MyScene.m */ = {isa = PBXFileReference; lastKnownFileType = sourcecode.c.objc; path = MyScene.m; sourceTree = "<group>"; };
		080B6FC217DEE3FF00B11002 /* MyScene.h */ = {isa = PBXFileReference; lastKnownFileType = sourcecode.c.h; path = MyScene.h; sourceTree = "<group>"; };
		080B6FC317DEE3FF00B11002 /* AppDelegate.m */ = {isa = PBXFileReference; lastKnownFileType = sourcecode.c.objc; path = AppDelegate.m; sourceTree = "<group>"; };
		080B6FC517DEE3FF00B11002 /* AppDelegate.h */ = {isa = PBXFileReference; lastKnownFileType = sourcecode.c.h; path = AppDelegate.h; sourceTree = "<group>"; };
		080B6FC617DEE3FF00B11002 /* Spaceship.png */ = {isa = PBXFileReference; lastKnownFileType = image.png; path = Spaceship.png; sourceTree = "<group>"; };
		080B6FC817DEE3FF00B11002 /* Images.xcassets */ = {isa = PBXFileReference; lastKnownFileType = folder.assetcatalog; path = Images.xcassets; sourceTree = "<group>"; };
		080B6FCE17DEE3FF00B11002 /* KeyJamTests.xctest */ = {isa = PBXFileReference; explicitFileType = wrapper.cfbundle; includeInIndex = 0; path = KeyJamTests.xctest; sourceTree = BUILT_PRODUCTS_DIR; };
		080B6FCF17DEE3FF00B11002 /* XCTest.framework */ = {isa = PBXFileReference; lastKnownFileType = wrapper.framework; name = XCTest.framework; path = Library/Frameworks/XCTest.framework; sourceTree = DEVELOPER_DIR; };
		080B6FD617DEE3FF00B11002 /* KeyJamTests-Info.plist */ = {isa = PBXFileReference; lastKnownFileType = text.plist.xml; path = "KeyJamTests-Info.plist"; sourceTree = "<group>"; };
		080B6FD817DEE3FF00B11002 /* en */ = {isa = PBXFileReference; lastKnownFileType = text.plist.strings; name = en; path = en.lproj/InfoPlist.strings; sourceTree = "<group>"; };
		080B6FDA17DEE3FF00B11002 /* KeyJamTests.m */ = {isa = PBXFileReference; lastKnownFileType = sourcecode.c.objc; path = KeyJamTests.m; sourceTree = "<group>"; };
		080B6FE417E02FA100B11002 /* KJKeyModel.h */ = {isa = PBXFileReference; fileEncoding = 4; lastKnownFileType = sourcecode.c.h; path = KJKeyModel.h; sourceTree = "<group>"; };
		080B6FE517E02FA100B11002 /* KJKeyModel.m */ = {isa = PBXFileReference; fileEncoding = 4; lastKnownFileType = sourcecode.c.objc; path = KJKeyModel.m; sourceTree = "<group>"; };
		080B6FE717E0309400B11002 /* KJKeyboardManager.h */ = {isa = PBXFileReference; fileEncoding = 4; lastKnownFileType = sourcecode.c.h; path = KJKeyboardManager.h; sourceTree = "<group>"; };
		080B6FE817E0309400B11002 /* KJKeyboardManager.m */ = {isa = PBXFileReference; fileEncoding = 4; lastKnownFileType = sourcecode.c.objc; path = KJKeyboardManager.m; sourceTree = "<group>"; };
		089AA8C31810E91D0047E4A2 /* SpriteKit.framework */ = {isa = PBXFileReference; lastKnownFileType = wrapper.framework; name = SpriteKit.framework; path = System/Library/Frameworks/SpriteKit.framework; sourceTree = SDKROOT; };
		08A2021B17E6E2E400C50C18 /* AudioToolbox.framework */ = {isa = PBXFileReference; lastKnownFileType = wrapper.framework; name = AudioToolbox.framework; path = System/Library/Frameworks/AudioToolbox.framework; sourceTree = SDKROOT; };
		08A2021C17E6E2E400C50C18 /* AudioUnit.framework */ = {isa = PBXFileReference; lastKnownFileType = wrapper.framework; name = AudioUnit.framework; path = System/Library/Frameworks/AudioUnit.framework; sourceTree = SDKROOT; };
		08A2021D17E6E2E400C50C18 /* CoreAudio.framework */ = {isa = PBXFileReference; lastKnownFileType = wrapper.framework; name = CoreAudio.framework; path = System/Library/Frameworks/CoreAudio.framework; sourceTree = SDKROOT; };
		08A2022117E6E2F100C50C18 /* CoreMIDI.framework */ = {isa = PBXFileReference; lastKnownFileType = wrapper.framework; name = CoreMIDI.framework; path = System/Library/Frameworks/CoreMIDI.framework; sourceTree = SDKROOT; };
		08E9EB44181CE7010004B1C0 /* BMAudioUnit.h */ = {isa = PBXFileReference; fileEncoding = 4; lastKnownFileType = sourcecode.c.h; path = BMAudioUnit.h; sourceTree = "<group>"; };
		08E9EB45181CE7010004B1C0 /* BMAudioUnit.m */ = {isa = PBXFileReference; fileEncoding = 4; lastKnownFileType = sourcecode.c.objc; path = BMAudioUnit.m; sourceTree = "<group>"; };
		08E9EB46181CE7010004B1C0 /* BMDistortionUnit.h */ = {isa = PBXFileReference; fileEncoding = 4; lastKnownFileType = sourcecode.c.h; path = BMDistortionUnit.h; sourceTree = "<group>"; };
		08E9EB47181CE7010004B1C0 /* BMDistortionUnit.m */ = {isa = PBXFileReference; fileEncoding = 4; lastKnownFileType = sourcecode.c.objc; path = BMDistortionUnit.m; sourceTree = "<group>"; };
		08E9EB48181CE7010004B1C0 /* BMIOUnit.h */ = {isa = PBXFileReference; fileEncoding = 4; lastKnownFileType = sourcecode.c.h; path = BMIOUnit.h; sourceTree = "<group>"; };
		08E9EB49181CE7010004B1C0 /* BMIOUnit.m */ = {isa = PBXFileReference; fileEncoding = 4; lastKnownFileType = sourcecode.c.objc; path = BMIOUnit.m; sourceTree = "<group>"; };
		08E9EB4A181CE7010004B1C0 /* BMMixerUnit.h */ = {isa = PBXFileReference; fileEncoding = 4; lastKnownFileType = sourcecode.c.h; path = BMMixerUnit.h; sourceTree = "<group>"; };
		08E9EB4B181CE7010004B1C0 /* BMMixerUnit.m */ = {isa = PBXFileReference; fileEncoding = 4; lastKnownFileType = sourcecode.c.objc; path = BMMixerUnit.m; sourceTree = "<group>"; };
		08E9EB4C181CE7010004B1C0 /* BMReverbUnit.h */ = {isa = PBXFileReference; fileEncoding = 4; lastKnownFileType = sourcecode.c.h; path = BMReverbUnit.h; sourceTree = "<group>"; };
		08E9EB4D181CE7010004B1C0 /* BMReverbUnit.m */ = {isa = PBXFileReference; fileEncoding = 4; lastKnownFileType = sourcecode.c.objc; path = BMReverbUnit.m; sourceTree = "<group>"; };
		08E9EB4E181CE7010004B1C0 /* BMSamplerUnit.h */ = {isa = PBXFileReference; fileEncoding = 4; lastKnownFileType = sourcecode.c.h; path = BMSamplerUnit.h; sourceTree = "<group>"; };
		08E9EB4F181CE7010004B1C0 /* BMSamplerUnit.m */ = {isa = PBXFileReference; fileEncoding = 4; lastKnownFileType = sourcecode.c.objc; path = BMSamplerUnit.m; sourceTree = "<group>"; };
		08E9EB50181CE7010004B1C0 /* BMAudio.h */ = {isa = PBXFileReference; fileEncoding = 4; lastKnownFileType = sourcecode.c.h; path = BMAudio.h; sourceTree = "<group>"; };
		08E9EB51181CE7010004B1C0 /* BMAudio.m */ = {isa = PBXFileReference; fileEncoding = 4; lastKnownFileType = sourcecode.c.objc; path = BMAudio.m; sourceTree = "<group>"; };
		08E9EB52181CE7010004B1C0 /* BMAudioHelpers.h */ = {isa = PBXFileReference; fileEncoding = 4; lastKnownFileType = sourcecode.c.h; path = BMAudioHelpers.h; sourceTree = "<group>"; };
		08E9EB53181CE7010004B1C0 /* BMAudioHelpers.m */ = {isa = PBXFileReference; fileEncoding = 4; lastKnownFileType = sourcecode.c.objc; path = BMAudioHelpers.m; sourceTree = "<group>"; };
		08E9EB54181CE7010004B1C0 /* BMAudioTrack.h */ = {isa = PBXFileReference; fileEncoding = 4; lastKnownFileType = sourcecode.c.h; path = BMAudioTrack.h; sourceTree = "<group>"; };
		08E9EB55181CE7010004B1C0 /* BMAudioTrack.m */ = {isa = PBXFileReference; fileEncoding = 4; lastKnownFileType = sourcecode.c.objc; path = BMAudioTrack.m; sourceTree = "<group>"; };
		08E9EB56181CE7010004B1C0 /* BMMidiManager.h */ = {isa = PBXFileReference; fileEncoding = 4; lastKnownFileType = sourcecode.c.h; path = BMMidiManager.h; sourceTree = "<group>"; };
		08E9EB57181CE7010004B1C0 /* BMMidiManager.m */ = {isa = PBXFileReference; fileEncoding = 4; lastKnownFileType = sourcecode.c.objc; path = BMMidiManager.m; sourceTree = "<group>"; };
		08E9EB58181CE7010004B1C0 /* BMMusicPlayer.h */ = {isa = PBXFileReference; fileEncoding = 4; lastKnownFileType = sourcecode.c.h; path = BMMusicPlayer.h; sourceTree = "<group>"; };
		08E9EB59181CE7010004B1C0 /* BMMusicPlayer.m */ = {isa = PBXFileReference; fileEncoding = 4; lastKnownFileType = sourcecode.c.objc; path = BMMusicPlayer.m; sourceTree = "<group>"; };
		08E9EB5A181CE7010004B1C0 /* BMNoteEvent.h */ = {isa = PBXFileReference; fileEncoding = 4; lastKnownFileType = sourcecode.c.h; path = BMNoteEvent.h; sourceTree = "<group>"; };
		08E9EB5B181CE7010004B1C0 /* BMNoteEvent.m */ = {isa = PBXFileReference; fileEncoding = 4; lastKnownFileType = sourcecode.c.objc; path = BMNoteEvent.m; sourceTree = "<group>"; };
		08E9EB5E181CE7010004B1C0 /* CarntSleepBassline.mid */ = {isa = PBXFileReference; lastKnownFileType = audio.midi; path = CarntSleepBassline.mid; sourceTree = "<group>"; };
		08E9EB67181CE7010004B1C0 /* Trombone.aupreset */ = {isa = PBXFileReference; fileEncoding = 4; lastKnownFileType = text.xml; path = Trombone.aupreset; sourceTree = "<group>"; };
		08E9EB9F181CE8C00004B1C0 /* Sounds */ = {isa = PBXFileReference; lastKnownFileType = folder; path = Sounds; sourceTree = "<group>"; };
		08E9EBA4181D96570004B1C0 /* KJKeyboardNode.h */ = {isa = PBXFileReference; fileEncoding = 4; lastKnownFileType = sourcecode.c.h; path = KJKeyboardNode.h; sourceTree = "<group>"; };
		08E9EBA5181D96570004B1C0 /* KJKeyboardNode.m */ = {isa = PBXFileReference; fileEncoding = 4; lastKnownFileType = sourcecode.c.objc; path = KJKeyboardNode.m; sourceTree = "<group>"; };
		08E9EBA7181E1FF90004B1C0 /* beatChart.png */ = {isa = PBXFileReference; lastKnownFileType = image.png; path = beatChart.png; sourceTree = "<group>"; };
		08E9EBA9181F7D000004B1C0 /* KJMusicPlayerManager.h */ = {isa = PBXFileReference; fileEncoding = 4; lastKnownFileType = sourcecode.c.h; path = KJMusicPlayerManager.h; sourceTree = "<group>"; };
		08E9EBAA181F7D000004B1C0 /* KJMusicPlayerManager.m */ = {isa = PBXFileReference; fileEncoding = 4; lastKnownFileType = sourcecode.c.objc; path = KJMusicPlayerManager.m; sourceTree = "<group>"; };
		08E9EBAC181F85E50004B1C0 /* KJScheduledNote.h */ = {isa = PBXFileReference; fileEncoding = 4; lastKnownFileType = sourcecode.c.h; path = KJScheduledNote.h; sourceTree = "<group>"; };
		08E9EBAD181F85E50004B1C0 /* KJScheduledNote.m */ = {isa = PBXFileReference; fileEncoding = 4; lastKnownFileType = sourcecode.c.objc; path = KJScheduledNote.m; sourceTree = "<group>"; };
		08E9EBAF181F8A760004B1C0 /* KJTimelineNode.h */ = {isa = PBXFileReference; fileEncoding = 4; lastKnownFileType = sourcecode.c.h; path = KJTimelineNode.h; sourceTree = "<group>"; };
		08E9EBB0181F8A760004B1C0 /* KJTimelineNode.m */ = {isa = PBXFileReference; fileEncoding = 4; lastKnownFileType = sourcecode.c.objc; path = KJTimelineNode.m; sourceTree = "<group>"; };
/* End PBXFileReference section */

/* Begin PBXFrameworksBuildPhase section */
		080B6FA417DEE3FF00B11002 /* Frameworks */ = {
			isa = PBXFrameworksBuildPhase;
			buildActionMask = 2147483647;
			files = (
				089AA8C41810E91D0047E4A2 /* SpriteKit.framework in Frameworks */,
				08A2022217E6E2F100C50C18 /* CoreMIDI.framework in Frameworks */,
				08A2021E17E6E2E400C50C18 /* AudioToolbox.framework in Frameworks */,
				08A2021F17E6E2E400C50C18 /* AudioUnit.framework in Frameworks */,
				08A2022017E6E2E400C50C18 /* CoreAudio.framework in Frameworks */,
				080B6FAB17DEE3FF00B11002 /* Cocoa.framework in Frameworks */,
			);
			runOnlyForDeploymentPostprocessing = 0;
		};
		080B6FCB17DEE3FF00B11002 /* Frameworks */ = {
			isa = PBXFrameworksBuildPhase;
			buildActionMask = 2147483647;
			files = (
				080B6FD117DEE3FF00B11002 /* Cocoa.framework in Frameworks */,
				080B6FD017DEE3FF00B11002 /* XCTest.framework in Frameworks */,
			);
			runOnlyForDeploymentPostprocessing = 0;
		};
/* End PBXFrameworksBuildPhase section */

/* Begin PBXGroup section */
		080B6F9E17DEE3FF00B11002 = {
			isa = PBXGroup;
			children = (
				080B6FB217DEE3FF00B11002 /* KeyJam */,
				080B6FD417DEE3FF00B11002 /* KeyJamTests */,
				080B6FA917DEE3FF00B11002 /* Frameworks */,
				080B6FA817DEE3FF00B11002 /* Products */,
				08E9EB17181CE7000004B1C0 /* externals */,
			);
			sourceTree = "<group>";
		};
		080B6FA817DEE3FF00B11002 /* Products */ = {
			isa = PBXGroup;
			children = (
				080B6FA717DEE3FF00B11002 /* KeyJam.app */,
				080B6FCE17DEE3FF00B11002 /* KeyJamTests.xctest */,
			);
			name = Products;
			sourceTree = "<group>";
		};
		080B6FA917DEE3FF00B11002 /* Frameworks */ = {
			isa = PBXGroup;
			children = (
				089AA8C31810E91D0047E4A2 /* SpriteKit.framework */,
				08A2022117E6E2F100C50C18 /* CoreMIDI.framework */,
				08A2021B17E6E2E400C50C18 /* AudioToolbox.framework */,
				08A2021C17E6E2E400C50C18 /* AudioUnit.framework */,
				08A2021D17E6E2E400C50C18 /* CoreAudio.framework */,
				080B6FAA17DEE3FF00B11002 /* Cocoa.framework */,
				080B6FCF17DEE3FF00B11002 /* XCTest.framework */,
				080B6FAE17DEE3FF00B11002 /* Other Frameworks */,
			);
			name = Frameworks;
			sourceTree = "<group>";
		};
		080B6FAE17DEE3FF00B11002 /* Other Frameworks */ = {
			isa = PBXGroup;
			children = (
				080B6FAF17DEE3FF00B11002 /* AppKit.framework */,
				080B6FB017DEE3FF00B11002 /* CoreData.framework */,
				080B6FB117DEE3FF00B11002 /* Foundation.framework */,
			);
			name = "Other Frameworks";
			sourceTree = "<group>";
		};
		080B6FB217DEE3FF00B11002 /* KeyJam */ = {
			isa = PBXGroup;
			children = (
				080B6FBE17DEE3FF00B11002 /* MainMenu.xib */,
				080B6FC017DEE3FF00B11002 /* MyScene.m */,
				080B6FC217DEE3FF00B11002 /* MyScene.h */,
				080B6FC317DEE3FF00B11002 /* AppDelegate.m */,
				080B6FC517DEE3FF00B11002 /* AppDelegate.h */,
				080B6FC617DEE3FF00B11002 /* Spaceship.png */,
				080B6FC817DEE3FF00B11002 /* Images.xcassets */,
				080B6FB317DEE3FF00B11002 /* Supporting Files */,
				080B6FE417E02FA100B11002 /* KJKeyModel.h */,
				080B6FE517E02FA100B11002 /* KJKeyModel.m */,
				080B6FE717E0309400B11002 /* KJKeyboardManager.h */,
				080B6FE817E0309400B11002 /* KJKeyboardManager.m */,
				08E9EBA4181D96570004B1C0 /* KJKeyboardNode.h */,
				08E9EBA5181D96570004B1C0 /* KJKeyboardNode.m */,
				08E9EBA9181F7D000004B1C0 /* KJMusicPlayerManager.h */,
				08E9EBAA181F7D000004B1C0 /* KJMusicPlayerManager.m */,
				08E9EBAC181F85E50004B1C0 /* KJScheduledNote.h */,
				08E9EBAD181F85E50004B1C0 /* KJScheduledNote.m */,
				08E9EBAF181F8A760004B1C0 /* KJTimelineNode.h */,
				08E9EBB0181F8A760004B1C0 /* KJTimelineNode.m */,
			);
			path = KeyJam;
			sourceTree = "<group>";
		};
		080B6FB317DEE3FF00B11002 /* Supporting Files */ = {
			isa = PBXGroup;
			children = (
				08E9EBA7181E1FF90004B1C0 /* beatChart.png */,
				080B6FB417DEE3FF00B11002 /* KeyJam-Info.plist */,
				080B6FB517DEE3FF00B11002 /* InfoPlist.strings */,
				080B6FB817DEE3FF00B11002 /* main.m */,
				080B6FBA17DEE3FF00B11002 /* KeyJam-Prefix.pch */,
				080B6FBB17DEE3FF00B11002 /* Credits.rtf */,
			);
			name = "Supporting Files";
			sourceTree = "<group>";
		};
		080B6FD417DEE3FF00B11002 /* KeyJamTests */ = {
			isa = PBXGroup;
			children = (
				080B6FDA17DEE3FF00B11002 /* KeyJamTests.m */,
				080B6FD517DEE3FF00B11002 /* Supporting Files */,
			);
			path = KeyJamTests;
			sourceTree = "<group>";
		};
		080B6FD517DEE3FF00B11002 /* Supporting Files */ = {
			isa = PBXGroup;
			children = (
				080B6FD617DEE3FF00B11002 /* KeyJamTests-Info.plist */,
				080B6FD717DEE3FF00B11002 /* InfoPlist.strings */,
			);
			name = "Supporting Files";
			sourceTree = "<group>";
		};
		08E9EB17181CE7000004B1C0 /* externals */ = {
			isa = PBXGroup;
			children = (
				08E9EB18181CE7000004B1C0 /* bmaudio */,
			);
			path = externals;
			sourceTree = "<group>";
		};
		08E9EB18181CE7000004B1C0 /* bmaudio */ = {
			isa = PBXGroup;
			children = (
				08E9EB42181CE7010004B1C0 /* Classes */,
				08E9EB5D181CE7010004B1C0 /* MIDI */,
				08E9EB9F181CE8C00004B1C0 /* Sounds */,
				08E9EB67181CE7010004B1C0 /* Trombone.aupreset */,
			);
			path = bmaudio;
			sourceTree = "<group>";
		};
		08E9EB42181CE7010004B1C0 /* Classes */ = {
			isa = PBXGroup;
			children = (
				08E9EB43181CE7010004B1C0 /* AudioUnits */,
				08E9EB50181CE7010004B1C0 /* BMAudio.h */,
				08E9EB51181CE7010004B1C0 /* BMAudio.m */,
				08E9EB52181CE7010004B1C0 /* BMAudioHelpers.h */,
				08E9EB53181CE7010004B1C0 /* BMAudioHelpers.m */,
				08E9EB54181CE7010004B1C0 /* BMAudioTrack.h */,
				08E9EB55181CE7010004B1C0 /* BMAudioTrack.m */,
				08E9EB56181CE7010004B1C0 /* BMMidiManager.h */,
				08E9EB57181CE7010004B1C0 /* BMMidiManager.m */,
				08E9EB58181CE7010004B1C0 /* BMMusicPlayer.h */,
				08E9EB59181CE7010004B1C0 /* BMMusicPlayer.m */,
				08E9EB5A181CE7010004B1C0 /* BMNoteEvent.h */,
				08E9EB5B181CE7010004B1C0 /* BMNoteEvent.m */,
			);
			path = Classes;
			sourceTree = "<group>";
		};
		08E9EB43181CE7010004B1C0 /* AudioUnits */ = {
			isa = PBXGroup;
			children = (
				08E9EB44181CE7010004B1C0 /* BMAudioUnit.h */,
				08E9EB45181CE7010004B1C0 /* BMAudioUnit.m */,
				08E9EB46181CE7010004B1C0 /* BMDistortionUnit.h */,
				08E9EB47181CE7010004B1C0 /* BMDistortionUnit.m */,
				08E9EB48181CE7010004B1C0 /* BMIOUnit.h */,
				08E9EB49181CE7010004B1C0 /* BMIOUnit.m */,
				08E9EB4A181CE7010004B1C0 /* BMMixerUnit.h */,
				08E9EB4B181CE7010004B1C0 /* BMMixerUnit.m */,
				08E9EB4C181CE7010004B1C0 /* BMReverbUnit.h */,
				08E9EB4D181CE7010004B1C0 /* BMReverbUnit.m */,
				08E9EB4E181CE7010004B1C0 /* BMSamplerUnit.h */,
				08E9EB4F181CE7010004B1C0 /* BMSamplerUnit.m */,
			);
			path = AudioUnits;
			sourceTree = "<group>";
		};
		08E9EB5D181CE7010004B1C0 /* MIDI */ = {
			isa = PBXGroup;
			children = (
				08E9EB5E181CE7010004B1C0 /* CarntSleepBassline.mid */,
			);
			path = MIDI;
			sourceTree = "<group>";
		};
/* End PBXGroup section */

/* Begin PBXNativeTarget section */
		080B6FA617DEE3FF00B11002 /* KeyJam */ = {
			isa = PBXNativeTarget;
			buildConfigurationList = 080B6FDE17DEE3FF00B11002 /* Build configuration list for PBXNativeTarget "KeyJam" */;
			buildPhases = (
				080B6FA317DEE3FF00B11002 /* Sources */,
				080B6FA417DEE3FF00B11002 /* Frameworks */,
				080B6FA517DEE3FF00B11002 /* Resources */,
			);
			buildRules = (
			);
			dependencies = (
			);
			name = KeyJam;
			productName = KeyJam;
			productReference = 080B6FA717DEE3FF00B11002 /* KeyJam.app */;
			productType = "com.apple.product-type.application";
		};
		080B6FCD17DEE3FF00B11002 /* KeyJamTests */ = {
			isa = PBXNativeTarget;
			buildConfigurationList = 080B6FE117DEE3FF00B11002 /* Build configuration list for PBXNativeTarget "KeyJamTests" */;
			buildPhases = (
				080B6FCA17DEE3FF00B11002 /* Sources */,
				080B6FCB17DEE3FF00B11002 /* Frameworks */,
				080B6FCC17DEE3FF00B11002 /* Resources */,
			);
			buildRules = (
			);
			dependencies = (
				080B6FD317DEE3FF00B11002 /* PBXTargetDependency */,
			);
			name = KeyJamTests;
			productName = KeyJamTests;
			productReference = 080B6FCE17DEE3FF00B11002 /* KeyJamTests.xctest */;
			productType = "com.apple.product-type.bundle.unit-test";
		};
/* End PBXNativeTarget section */

/* Begin PBXProject section */
		080B6F9F17DEE3FF00B11002 /* Project object */ = {
			isa = PBXProject;
			attributes = {
				LastUpgradeCheck = 0500;
				ORGANIZATIONNAME = "Peter Marks";
				TargetAttributes = {
					080B6FCD17DEE3FF00B11002 = {
						TestTargetID = 080B6FA617DEE3FF00B11002;
					};
				};
			};
			buildConfigurationList = 080B6FA217DEE3FF00B11002 /* Build configuration list for PBXProject "KeyJam" */;
			compatibilityVersion = "Xcode 3.2";
			developmentRegion = English;
			hasScannedForEncodings = 0;
			knownRegions = (
				en,
				Base,
			);
			mainGroup = 080B6F9E17DEE3FF00B11002;
			productRefGroup = 080B6FA817DEE3FF00B11002 /* Products */;
			projectDirPath = "";
			projectRoot = "";
			targets = (
				080B6FA617DEE3FF00B11002 /* KeyJam */,
				080B6FCD17DEE3FF00B11002 /* KeyJamTests */,
			);
		};
/* End PBXProject section */

/* Begin PBXResourcesBuildPhase section */
		080B6FA517DEE3FF00B11002 /* Resources */ = {
			isa = PBXResourcesBuildPhase;
			buildActionMask = 2147483647;
			files = (
				08E9EBA0181CE8C00004B1C0 /* Sounds in Resources */,
				080B6FC717DEE3FF00B11002 /* Spaceship.png in Resources */,
				080B6FC917DEE3FF00B11002 /* Images.xcassets in Resources */,
				08E9EB8B181CE7010004B1C0 /* CarntSleepBassline.mid in Resources */,
				080B6FB717DEE3FF00B11002 /* InfoPlist.strings in Resources */,
				08E9EB92181CE7010004B1C0 /* Trombone.aupreset in Resources */,
				08E9EBA8181E1FF90004B1C0 /* beatChart.png in Resources */,
				080B6FBD17DEE3FF00B11002 /* Credits.rtf in Resources */,
				080B6FBF17DEE3FF00B11002 /* MainMenu.xib in Resources */,
			);
			runOnlyForDeploymentPostprocessing = 0;
		};
		080B6FCC17DEE3FF00B11002 /* Resources */ = {
			isa = PBXResourcesBuildPhase;
			buildActionMask = 2147483647;
			files = (
				080B6FD917DEE3FF00B11002 /* InfoPlist.strings in Resources */,
			);
			runOnlyForDeploymentPostprocessing = 0;
		};
/* End PBXResourcesBuildPhase section */

/* Begin PBXSourcesBuildPhase section */
		080B6FA317DEE3FF00B11002 /* Sources */ = {
			isa = PBXSourcesBuildPhase;
			buildActionMask = 2147483647;
			files = (
				080B6FC117DEE3FF00B11002 /* MyScene.m in Sources */,
				080B6FB917DEE3FF00B11002 /* main.m in Sources */,
				08E9EB81181CE7010004B1C0 /* BMMixerUnit.m in Sources */,
				080B6FE917E0309400B11002 /* KJKeyboardManager.m in Sources */,
				08E9EBAE181F85E50004B1C0 /* KJScheduledNote.m in Sources */,
				080B6FE617E02FA100B11002 /* KJKeyModel.m in Sources */,
				08E9EB85181CE7010004B1C0 /* BMAudioHelpers.m in Sources */,
				08E9EBB1181F8A760004B1C0 /* KJTimelineNode.m in Sources */,
				08E9EB7F181CE7010004B1C0 /* BMDistortionUnit.m in Sources */,
				08E9EB84181CE7010004B1C0 /* BMAudio.m in Sources */,
				080B6FC417DEE3FF00B11002 /* AppDelegate.m in Sources */,
				08E9EB82181CE7010004B1C0 /* BMReverbUnit.m in Sources */,
				08E9EB7E181CE7010004B1C0 /* BMAudioUnit.m in Sources */,
				08E9EB80181CE7010004B1C0 /* BMIOUnit.m in Sources */,
				08E9EBAB181F7D000004B1C0 /* KJMusicPlayerManager.m in Sources */,
				08E9EB83181CE7010004B1C0 /* BMSamplerUnit.m in Sources */,
				08E9EB89181CE7010004B1C0 /* BMNoteEvent.m in Sources */,
				08E9EB86181CE7010004B1C0 /* BMAudioTrack.m in Sources */,
				08E9EB87181CE7010004B1C0 /* BMMidiManager.m in Sources */,
				08E9EB88181CE7010004B1C0 /* BMMusicPlayer.m in Sources */,
				08E9EBA6181D96570004B1C0 /* KJKeyboardNode.m in Sources */,
			);
			runOnlyForDeploymentPostprocessing = 0;
		};
		080B6FCA17DEE3FF00B11002 /* Sources */ = {
			isa = PBXSourcesBuildPhase;
			buildActionMask = 2147483647;
			files = (
				080B6FDB17DEE3FF00B11002 /* KeyJamTests.m in Sources */,
			);
			runOnlyForDeploymentPostprocessing = 0;
		};
/* End PBXSourcesBuildPhase section */

/* Begin PBXTargetDependency section */
		080B6FD317DEE3FF00B11002 /* PBXTargetDependency */ = {
			isa = PBXTargetDependency;
			target = 080B6FA617DEE3FF00B11002 /* KeyJam */;
			targetProxy = 080B6FD217DEE3FF00B11002 /* PBXContainerItemProxy */;
		};
/* End PBXTargetDependency section */

/* Begin PBXVariantGroup section */
		080B6FB517DEE3FF00B11002 /* InfoPlist.strings */ = {
			isa = PBXVariantGroup;
			children = (
				080B6FB617DEE3FF00B11002 /* en */,
			);
			name = InfoPlist.strings;
			sourceTree = "<group>";
		};
		080B6FBB17DEE3FF00B11002 /* Credits.rtf */ = {
			isa = PBXVariantGroup;
			children = (
				080B6FBC17DEE3FF00B11002 /* en */,
			);
			name = Credits.rtf;
			sourceTree = "<group>";
		};
		080B6FD717DEE3FF00B11002 /* InfoPlist.strings */ = {
			isa = PBXVariantGroup;
			children = (
				080B6FD817DEE3FF00B11002 /* en */,
			);
			name = InfoPlist.strings;
			sourceTree = "<group>";
		};
/* End PBXVariantGroup section */

/* Begin XCBuildConfiguration section */
		080B6FDC17DEE3FF00B11002 /* Debug */ = {
			isa = XCBuildConfiguration;
			buildSettings = {
				ALWAYS_SEARCH_USER_PATHS = NO;
				CLANG_CXX_LANGUAGE_STANDARD = "gnu++0x";
				CLANG_CXX_LIBRARY = "libc++";
				CLANG_ENABLE_MODULES = YES;
				CLANG_ENABLE_OBJC_ARC = YES;
				CLANG_WARN_BOOL_CONVERSION = YES;
				CLANG_WARN_CONSTANT_CONVERSION = YES;
				CLANG_WARN_DIRECT_OBJC_ISA_USAGE = YES_ERROR;
				CLANG_WARN_EMPTY_BODY = YES;
				CLANG_WARN_ENUM_CONVERSION = YES;
				CLANG_WARN_INT_CONVERSION = YES;
				CLANG_WARN_OBJC_ROOT_CLASS = YES_ERROR;
				CLANG_WARN__DUPLICATE_METHOD_MATCH = YES;
				COPY_PHASE_STRIP = NO;
				GCC_C_LANGUAGE_STANDARD = gnu99;
				GCC_DYNAMIC_NO_PIC = NO;
				GCC_ENABLE_OBJC_EXCEPTIONS = YES;
				GCC_OPTIMIZATION_LEVEL = 0;
				GCC_PREPROCESSOR_DEFINITIONS = (
					"DEBUG=1",
					"$(inherited)",
				);
				GCC_SYMBOLS_PRIVATE_EXTERN = NO;
				GCC_WARN_64_TO_32_BIT_CONVERSION = YES;
				GCC_WARN_ABOUT_RETURN_TYPE = YES_ERROR;
				GCC_WARN_UNDECLARED_SELECTOR = YES;
				GCC_WARN_UNINITIALIZED_AUTOS = YES;
				GCC_WARN_UNUSED_FUNCTION = YES;
				GCC_WARN_UNUSED_VARIABLE = YES;
				MACOSX_DEPLOYMENT_TARGET = 10.9;
				ONLY_ACTIVE_ARCH = YES;
				SDKROOT = macosx;
			};
			name = Debug;
		};
		080B6FDD17DEE3FF00B11002 /* Release */ = {
			isa = XCBuildConfiguration;
			buildSettings = {
				ALWAYS_SEARCH_USER_PATHS = NO;
				CLANG_CXX_LANGUAGE_STANDARD = "gnu++0x";
				CLANG_CXX_LIBRARY = "libc++";
				CLANG_ENABLE_MODULES = YES;
				CLANG_ENABLE_OBJC_ARC = YES;
				CLANG_WARN_BOOL_CONVERSION = YES;
				CLANG_WARN_CONSTANT_CONVERSION = YES;
				CLANG_WARN_DIRECT_OBJC_ISA_USAGE = YES_ERROR;
				CLANG_WARN_EMPTY_BODY = YES;
				CLANG_WARN_ENUM_CONVERSION = YES;
				CLANG_WARN_INT_CONVERSION = YES;
				CLANG_WARN_OBJC_ROOT_CLASS = YES_ERROR;
				CLANG_WARN__DUPLICATE_METHOD_MATCH = YES;
				COPY_PHASE_STRIP = YES;
				DEBUG_INFORMATION_FORMAT = "dwarf-with-dsym";
				ENABLE_NS_ASSERTIONS = NO;
				GCC_C_LANGUAGE_STANDARD = gnu99;
				GCC_ENABLE_OBJC_EXCEPTIONS = YES;
				GCC_WARN_64_TO_32_BIT_CONVERSION = YES;
				GCC_WARN_ABOUT_RETURN_TYPE = YES_ERROR;
				GCC_WARN_UNDECLARED_SELECTOR = YES;
				GCC_WARN_UNINITIALIZED_AUTOS = YES;
				GCC_WARN_UNUSED_FUNCTION = YES;
				GCC_WARN_UNUSED_VARIABLE = YES;
				MACOSX_DEPLOYMENT_TARGET = 10.9;
				SDKROOT = macosx;
			};
			name = Release;
		};
		080B6FDF17DEE3FF00B11002 /* Debug */ = {
			isa = XCBuildConfiguration;
			buildSettings = {
				ASSETCATALOG_COMPILER_APPICON_NAME = AppIcon;
				COMBINE_HIDPI_IMAGES = YES;
				GCC_PRECOMPILE_PREFIX_HEADER = YES;
				GCC_PREFIX_HEADER = "KeyJam/KeyJam-Prefix.pch";
				INFOPLIST_FILE = "KeyJam/KeyJam-Info.plist";
				PRODUCT_NAME = "$(TARGET_NAME)";
				SPRITEKIT_TEXTURE_ATLAS_OUTPUT = YES;
				WRAPPER_EXTENSION = app;
			};
			name = Debug;
		};
		080B6FE017DEE3FF00B11002 /* Release */ = {
			isa = XCBuildConfiguration;
			buildSettings = {
				ASSETCATALOG_COMPILER_APPICON_NAME = AppIcon;
				COMBINE_HIDPI_IMAGES = YES;
				GCC_PRECOMPILE_PREFIX_HEADER = YES;
				GCC_PREFIX_HEADER = "KeyJam/KeyJam-Prefix.pch";
				INFOPLIST_FILE = "KeyJam/KeyJam-Info.plist";
				PRODUCT_NAME = "$(TARGET_NAME)";
				SPRITEKIT_TEXTURE_ATLAS_OUTPUT = YES;
				WRAPPER_EXTENSION = app;
			};
			name = Release;
		};
		080B6FE217DEE3FF00B11002 /* Debug */ = {
			isa = XCBuildConfiguration;
			buildSettings = {
				BUNDLE_LOADER = "$(BUILT_PRODUCTS_DIR)/KeyJam.app/Contents/MacOS/KeyJam";
				COMBINE_HIDPI_IMAGES = YES;
				FRAMEWORK_SEARCH_PATHS = (
					"$(DEVELOPER_FRAMEWORKS_DIR)",
					"$(inherited)",
				);
				GCC_PRECOMPILE_PREFIX_HEADER = YES;
				GCC_PREFIX_HEADER = "KeyJam/KeyJam-Prefix.pch";
				GCC_PREPROCESSOR_DEFINITIONS = (
					"DEBUG=1",
					"$(inherited)",
				);
				INFOPLIST_FILE = "KeyJamTests/KeyJamTests-Info.plist";
				PRODUCT_NAME = "$(TARGET_NAME)";
				TEST_HOST = "$(BUNDLE_LOADER)";
				WRAPPER_EXTENSION = xctest;
			};
			name = Debug;
		};
		080B6FE317DEE3FF00B11002 /* Release */ = {
			isa = XCBuildConfiguration;
			buildSettings = {
				BUNDLE_LOADER = "$(BUILT_PRODUCTS_DIR)/KeyJam.app/Contents/MacOS/KeyJam";
				COMBINE_HIDPI_IMAGES = YES;
				FRAMEWORK_SEARCH_PATHS = (
					"$(DEVELOPER_FRAMEWORKS_DIR)",
					"$(inherited)",
				);
				GCC_PRECOMPILE_PREFIX_HEADER = YES;
				GCC_PREFIX_HEADER = "KeyJam/KeyJam-Prefix.pch";
				INFOPLIST_FILE = "KeyJamTests/KeyJamTests-Info.plist";
				PRODUCT_NAME = "$(TARGET_NAME)";
				TEST_HOST = "$(BUNDLE_LOADER)";
				WRAPPER_EXTENSION = xctest;
			};
			name = Release;
		};
/* End XCBuildConfiguration section */

/* Begin XCConfigurationList section */
		080B6FA217DEE3FF00B11002 /* Build configuration list for PBXProject "KeyJam" */ = {
			isa = XCConfigurationList;
			buildConfigurations = (
				080B6FDC17DEE3FF00B11002 /* Debug */,
				080B6FDD17DEE3FF00B11002 /* Release */,
			);
			defaultConfigurationIsVisible = 0;
			defaultConfigurationName = Release;
		};
		080B6FDE17DEE3FF00B11002 /* Build configuration list for PBXNativeTarget "KeyJam" */ = {
			isa = XCConfigurationList;
			buildConfigurations = (
				080B6FDF17DEE3FF00B11002 /* Debug */,
				080B6FE017DEE3FF00B11002 /* Release */,
			);
			defaultConfigurationIsVisible = 0;
			defaultConfigurationName = Release;
		};
		080B6FE117DEE3FF00B11002 /* Build configuration list for PBXNativeTarget "KeyJamTests" */ = {
			isa = XCConfigurationList;
			buildConfigurations = (
				080B6FE217DEE3FF00B11002 /* Debug */,
				080B6FE317DEE3FF00B11002 /* Release */,
			);
			defaultConfigurationIsVisible = 0;
			defaultConfigurationName = Release;
		};
/* End XCConfigurationList section */
	};
	rootObject = 080B6F9F17DEE3FF00B11002 /* Project object */;
}
